
Microsoft Visual Studio Solution File, Format Version 12.00
# Visual Studio Version 17
VisualStudioVersion = 17.4.33403.182
MinimumVisualStudioVersion = 10.0.40219.1
Project("{FAE04EC0-301F-11D3-BF4B-00C04F79EFBC}") = "WAPP", "WAPP\WAPP.csproj", "{9B059767-0FC0-45C6-A8B8-2ECF8989CE02}"
EndProject
Global
	GlobalSection(SolutionConfigurationPlatforms) = preSolution
		Debug|Any CPU = Debug|Any CPU
		Release|Any CPU = Release|Any CPU
	EndGlobalSection
	GlobalSection(ProjectConfigurationPlatforms) = postSolution
		{9B059767-0FC0-45C6-A8B8-2ECF8989CE02}.Debug|Any CPU.ActiveCfg = Debug|Any CPU
		{9B059767-0FC0-45C6-A8B8-2ECF8989CE02}.Debug|Any CPU.Build.0 = Debug|Any CPU
		{9B059767-0FC0-45C6-A8B8-2ECF8989CE02}.Release|Any CPU.ActiveCfg = Release|Any CPU
		{9B059767-0FC0-45C6-A8B8-2ECF8989CE02}.Release|Any CPU.Build.0 = Release|Any CPU
	EndGlobalSection
	GlobalSection(SolutionProperties) = preSolution
		HideSolutionNode = FALSE
	EndGlobalSection
	GlobalSection(ExtensibilityGlobals) = postSolution
		SolutionGuid = {A992BD28-E49D-4B93-A48D-2F45BC3419BA}
	EndGlobalSection
EndGlobal
